
Microsoft Visual Studio Solution File, Format Version 12.00
Project("{FAE04EC0-301F-11D3-BF4B-00C04F79EFBC}") = "ODWZ.LB1", "ODWZ.LB1\ODWZ.LB1.csproj", "{B4DA46FE-287C-4DC6-9BC3-E407205CEB38}"
EndProject
Project("{2150E333-8FDC-42A3-9474-1A3956D46DE8}") = "LB1", "LB1", "{CE0E1BE6-CBA2-4388-9439-45421B0E0C4E}"
EndProject
Global
	GlobalSection(SolutionConfigurationPlatforms) = preSolution
		Debug|Any CPU = Debug|Any CPU
		Release|Any CPU = Release|Any CPU
	EndGlobalSection
	GlobalSection(ProjectConfigurationPlatforms) = postSolution
		{B4DA46FE-287C-4DC6-9BC3-E407205CEB38}.Debug|Any CPU.ActiveCfg = Debug|Any CPU
		{B4DA46FE-287C-4DC6-9BC3-E407205CEB38}.Debug|Any CPU.Build.0 = Debug|Any CPU
		{B4DA46FE-287C-4DC6-9BC3-E407205CEB38}.Release|Any CPU.ActiveCfg = Release|Any CPU
		{B4DA46FE-287C-4DC6-9BC3-E407205CEB38}.Release|Any CPU.Build.0 = Release|Any CPU
	EndGlobalSection
	GlobalSection(NestedProjects) = preSolution
		{B4DA46FE-287C-4DC6-9BC3-E407205CEB38} = {CE0E1BE6-CBA2-4388-9439-45421B0E0C4E}
	EndGlobalSection
EndGlobal
